
Microsoft Visual Studio Solution File, Format Version 12.00
# Visual Studio 15
VisualStudioVersion = 15.0.27130.2010
MinimumVisualStudioVersion = 10.0.40219.1
Project("{2150E333-8FDC-42A3-9474-1A3956D46DE8}") = "project-links", "project-links", "{E4F7E44F-8191-4452-8FE6-0670ACD60362}"
EndProject
Project("{FAE04EC0-301F-11D3-BF4B-00C04F79EFBC}") = "client-424", "client-424\client-424.csproj", "{B575A237-7ABC-4828-BAB6-4F94E315B75D}"
EndProject
Project("{FAE04EC0-301F-11D3-BF4B-00C04F79EFBC}") = "Helpers", "Helpers\Helpers.csproj", "{56FFC965-0186-435D-9D8B-2A79ACFC43DB}"
EndProject
Project("{FAE04EC0-301F-11D3-BF4B-00C04F79EFBC}") = "client-427", "client-427\client-427.csproj", "{821F0CF6-22DF-4AB4-89EA-6864042F80FD}"
EndProject
Project("{FAE04EC0-301F-11D3-BF4B-00C04F79EFBC}") = "localclientpackage", "localclientpackage\localclientpackage.csproj", "{63B02843-CF75-4DD5-A90F-9012E18BB2DC}"
EndProject
Project("{2150E333-8FDC-42A3-9474-1A3956D46DE8}") = "extensions", "extensions", "{57FE8330-A6A4-4164-9104-CD2330A4378B}"
EndProject
Project("{FAE04EC0-301F-11D3-BF4B-00C04F79EFBC}") = "configext47", "configext47\configext47.csproj", "{7B3CC0FF-7870-4908-8592-3FB39076747D}"
EndProject
Project("{2150E333-8FDC-42A3-9474-1A3956D46DE8}") = "accounts", "accounts", "{B9268961-D03D-4B2D-8898-1B134AD005F5}"
EndProject
Project("{FAE04EC0-301F-11D3-BF4B-00C04F79EFBC}") = "aws-test", "aws-test\aws-test.csproj", "{C8F8AB50-8F1B-4208-BA95-689317C069AF}"
EndProject
Project("{2150E333-8FDC-42A3-9474-1A3956D46DE8}") = "special-characters", "special-characters", "{1EFA1F2C-91D7-4383-8908-05DBA83868FC}"
EndProject
Project("{FAE04EC0-301F-11D3-BF4B-00C04F79EFBC}") = "special-characters", "special-characters\special-characters.csproj", "{7483BC30-A51F-43A1-B24E-472938C3CC18}"
EndProject
Global
	GlobalSection(SolutionConfigurationPlatforms) = preSolution
		Debug|Any CPU = Debug|Any CPU
		Release|Any CPU = Release|Any CPU
	EndGlobalSection
	GlobalSection(ProjectConfigurationPlatforms) = postSolution
		{B575A237-7ABC-4828-BAB6-4F94E315B75D}.Debug|Any CPU.ActiveCfg = Debug|Any CPU
		{B575A237-7ABC-4828-BAB6-4F94E315B75D}.Debug|Any CPU.Build.0 = Debug|Any CPU
		{B575A237-7ABC-4828-BAB6-4F94E315B75D}.Release|Any CPU.ActiveCfg = Release|Any CPU
		{B575A237-7ABC-4828-BAB6-4F94E315B75D}.Release|Any CPU.Build.0 = Release|Any CPU
		{56FFC965-0186-435D-9D8B-2A79ACFC43DB}.Debug|Any CPU.ActiveCfg = Debug|Any CPU
		{56FFC965-0186-435D-9D8B-2A79ACFC43DB}.Debug|Any CPU.Build.0 = Debug|Any CPU
		{56FFC965-0186-435D-9D8B-2A79ACFC43DB}.Release|Any CPU.ActiveCfg = Release|Any CPU
		{56FFC965-0186-435D-9D8B-2A79ACFC43DB}.Release|Any CPU.Build.0 = Release|Any CPU
		{821F0CF6-22DF-4AB4-89EA-6864042F80FD}.Debug|Any CPU.ActiveCfg = Debug|Any CPU
		{821F0CF6-22DF-4AB4-89EA-6864042F80FD}.Debug|Any CPU.Build.0 = Debug|Any CPU
		{821F0CF6-22DF-4AB4-89EA-6864042F80FD}.Release|Any CPU.ActiveCfg = Release|Any CPU
		{821F0CF6-22DF-4AB4-89EA-6864042F80FD}.Release|Any CPU.Build.0 = Release|Any CPU
		{63B02843-CF75-4DD5-A90F-9012E18BB2DC}.Debug|Any CPU.ActiveCfg = Debug|Any CPU
		{63B02843-CF75-4DD5-A90F-9012E18BB2DC}.Debug|Any CPU.Build.0 = Debug|Any CPU
		{63B02843-CF75-4DD5-A90F-9012E18BB2DC}.Release|Any CPU.ActiveCfg = Release|Any CPU
		{63B02843-CF75-4DD5-A90F-9012E18BB2DC}.Release|Any CPU.Build.0 = Release|Any CPU
		{7B3CC0FF-7870-4908-8592-3FB39076747D}.Debug|Any CPU.ActiveCfg = Debug|Any CPU
		{7B3CC0FF-7870-4908-8592-3FB39076747D}.Debug|Any CPU.Build.0 = Debug|Any CPU
		{7B3CC0FF-7870-4908-8592-3FB39076747D}.Release|Any CPU.ActiveCfg = Release|Any CPU
		{7B3CC0FF-7870-4908-8592-3FB39076747D}.Release|Any CPU.Build.0 = Release|Any CPU
		{C8F8AB50-8F1B-4208-BA95-689317C069AF}.Debug|Any CPU.ActiveCfg = Debug|Any CPU
		{C8F8AB50-8F1B-4208-BA95-689317C069AF}.Debug|Any CPU.Build.0 = Debug|Any CPU
		{C8F8AB50-8F1B-4208-BA95-689317C069AF}.Release|Any CPU.ActiveCfg = Release|Any CPU
		{C8F8AB50-8F1B-4208-BA95-689317C069AF}.Release|Any CPU.Build.0 = Release|Any CPU
		{7483BC30-A51F-43A1-B24E-472938C3CC18}.Debug|Any CPU.ActiveCfg = Debug|Any CPU
		{7483BC30-A51F-43A1-B24E-472938C3CC18}.Debug|Any CPU.Build.0 = Debug|Any CPU
		{7483BC30-A51F-43A1-B24E-472938C3CC18}.Release|Any CPU.ActiveCfg = Release|Any CPU
		{7483BC30-A51F-43A1-B24E-472938C3CC18}.Release|Any CPU.Build.0 = Release|Any CPU
	EndGlobalSection
	GlobalSection(SolutionProperties) = preSolution
		HideSolutionNode = FALSE
	EndGlobalSection
	GlobalSection(NestedProjects) = preSolution
		{B575A237-7ABC-4828-BAB6-4F94E315B75D} = {E4F7E44F-8191-4452-8FE6-0670ACD60362}
		{821F0CF6-22DF-4AB4-89EA-6864042F80FD} = {E4F7E44F-8191-4452-8FE6-0670ACD60362}
		{63B02843-CF75-4DD5-A90F-9012E18BB2DC} = {E4F7E44F-8191-4452-8FE6-0670ACD60362}
		{7B3CC0FF-7870-4908-8592-3FB39076747D} = {57FE8330-A6A4-4164-9104-CD2330A4378B}
		{C8F8AB50-8F1B-4208-BA95-689317C069AF} = {B9268961-D03D-4B2D-8898-1B134AD005F5}
		{7483BC30-A51F-43A1-B24E-472938C3CC18} = {1EFA1F2C-91D7-4383-8908-05DBA83868FC}
	EndGlobalSection
	GlobalSection(ExtensibilityGlobals) = postSolution
		SolutionGuid = {ED26803F-BECB-4237-AD2B-3FA7DB0913D8}
	EndGlobalSection
EndGlobal
